
Microsoft Visual Studio Solution File, Format Version 12.00
# Visual Studio 15
VisualStudioVersion = 15.0.28010.2019
MinimumVisualStudioVersion = 10.0.40219.1
Project("{F184B08F-C81C-45F6-A57F-5ABD9991F28F}") = "Lab5", "Lab5\Lab5.vbproj", "{63D324D9-E387-4AF0-9783-9496A6BB6325}"
EndProject
Global
	GlobalSection(SolutionConfigurationPlatforms) = preSolution
		Debug|Any CPU = Debug|Any CPU
		Release|Any CPU = Release|Any CPU
	EndGlobalSection
	GlobalSection(ProjectConfigurationPlatforms) = postSolution
		{63D324D9-E387-4AF0-9783-9496A6BB6325}.Debug|Any CPU.ActiveCfg = Debug|Any CPU
		{63D324D9-E387-4AF0-9783-9496A6BB6325}.Debug|Any CPU.Build.0 = Debug|Any CPU
		{63D324D9-E387-4AF0-9783-9496A6BB6325}.Release|Any CPU.ActiveCfg = Release|Any CPU
		{63D324D9-E387-4AF0-9783-9496A6BB6325}.Release|Any CPU.Build.0 = Release|Any CPU
	EndGlobalSection
	GlobalSection(SolutionProperties) = preSolution
		HideSolutionNode = FALSE
	EndGlobalSection
	GlobalSection(ExtensibilityGlobals) = postSolution
		SolutionGuid = {18E1FCE0-5951-455F-A476-54FDD69EAFAC}
	EndGlobalSection
EndGlobal
